
Microsoft Visual Studio Solution File, Format Version 12.00
# Visual Studio 15
VisualStudioVersion = 15.0.26124.0
MinimumVisualStudioVersion = 15.0.26124.0
Project("{2150E333-8FDC-42A3-9474-1A3956D46DE8}") = "src", "src", "{F6117F9C-3ECF-4E06-827B-4FFE2984B786}"
EndProject
Project("{FAE04EC0-301F-11D3-BF4B-00C04F79EFBC}") = "StatlerWaldorfCorp.LocationService", "src\StatlerWaldorfCorp.LocationService\StatlerWaldorfCorp.LocationService.csproj", "{A9C19D8F-67FA-4680-8A73-88D66262E201}"
EndProject
Project("{2150E333-8FDC-42A3-9474-1A3956D46DE8}") = "test", "test", "{9F79E0BB-AF44-482B-A2F3-3D310E3720A4}"
EndProject
Project("{FAE04EC0-301F-11D3-BF4B-00C04F79EFBC}") = "StatlerWaldorfCorp.LocationService.Integration", "test\StatlerWaldorfCorp.LocationService.Integration\StatlerWaldorfCorp.LocationService.Integration.csproj", "{568F7A62-595B-4195-9416-8B29359F874C}"
EndProject
Project("{FAE04EC0-301F-11D3-BF4B-00C04F79EFBC}") = "StatlerWaldorfCorp.LocationService.Tests", "test\StatlerWaldorfCorp.LocationService.Tests\StatlerWaldorfCorp.LocationService.Tests.csproj", "{F3611399-A00B-449D-B497-4D6390E046D9}"
EndProject
Global
	GlobalSection(SolutionConfigurationPlatforms) = preSolution
		Debug|Any CPU = Debug|Any CPU
		Debug|x64 = Debug|x64
		Debug|x86 = Debug|x86
		Release|Any CPU = Release|Any CPU
		Release|x64 = Release|x64
		Release|x86 = Release|x86
	EndGlobalSection
	GlobalSection(SolutionProperties) = preSolution
		HideSolutionNode = FALSE
	EndGlobalSection
	GlobalSection(ProjectConfigurationPlatforms) = postSolution
		{A9C19D8F-67FA-4680-8A73-88D66262E201}.Debug|Any CPU.ActiveCfg = Debug|Any CPU
		{A9C19D8F-67FA-4680-8A73-88D66262E201}.Debug|Any CPU.Build.0 = Debug|Any CPU
		{A9C19D8F-67FA-4680-8A73-88D66262E201}.Debug|x64.ActiveCfg = Debug|Any CPU
		{A9C19D8F-67FA-4680-8A73-88D66262E201}.Debug|x64.Build.0 = Debug|Any CPU
		{A9C19D8F-67FA-4680-8A73-88D66262E201}.Debug|x86.ActiveCfg = Debug|Any CPU
		{A9C19D8F-67FA-4680-8A73-88D66262E201}.Debug|x86.Build.0 = Debug|Any CPU
		{A9C19D8F-67FA-4680-8A73-88D66262E201}.Release|Any CPU.ActiveCfg = Release|Any CPU
		{A9C19D8F-67FA-4680-8A73-88D66262E201}.Release|Any CPU.Build.0 = Release|Any CPU
		{A9C19D8F-67FA-4680-8A73-88D66262E201}.Release|x64.ActiveCfg = Release|Any CPU
		{A9C19D8F-67FA-4680-8A73-88D66262E201}.Release|x64.Build.0 = Release|Any CPU
		{A9C19D8F-67FA-4680-8A73-88D66262E201}.Release|x86.ActiveCfg = Release|Any CPU
		{A9C19D8F-67FA-4680-8A73-88D66262E201}.Release|x86.Build.0 = Release|Any CPU
		{568F7A62-595B-4195-9416-8B29359F874C}.Debug|Any CPU.ActiveCfg = Debug|Any CPU
		{568F7A62-595B-4195-9416-8B29359F874C}.Debug|Any CPU.Build.0 = Debug|Any CPU
		{568F7A62-595B-4195-9416-8B29359F874C}.Debug|x64.ActiveCfg = Debug|Any CPU
		{568F7A62-595B-4195-9416-8B29359F874C}.Debug|x64.Build.0 = Debug|Any CPU
		{568F7A62-595B-4195-9416-8B29359F874C}.Debug|x86.ActiveCfg = Debug|Any CPU
		{568F7A62-595B-4195-9416-8B29359F874C}.Debug|x86.Build.0 = Debug|Any CPU
		{568F7A62-595B-4195-9416-8B29359F874C}.Release|Any CPU.ActiveCfg = Release|Any CPU
		{568F7A62-595B-4195-9416-8B29359F874C}.Release|Any CPU.Build.0 = Release|Any CPU
		{568F7A62-595B-4195-9416-8B29359F874C}.Release|x64.ActiveCfg = Release|Any CPU
		{568F7A62-595B-4195-9416-8B29359F874C}.Release|x64.Build.0 = Release|Any CPU
		{568F7A62-595B-4195-9416-8B29359F874C}.Release|x86.ActiveCfg = Release|Any CPU
		{568F7A62-595B-4195-9416-8B29359F874C}.Release|x86.Build.0 = Release|Any CPU
		{F3611399-A00B-449D-B497-4D6390E046D9}.Debug|Any CPU.ActiveCfg = Debug|Any CPU
		{F3611399-A00B-449D-B497-4D6390E046D9}.Debug|Any CPU.Build.0 = Debug|Any CPU
		{F3611399-A00B-449D-B497-4D6390E046D9}.Debug|x64.ActiveCfg = Debug|Any CPU
		{F3611399-A00B-449D-B497-4D6390E046D9}.Debug|x64.Build.0 = Debug|Any CPU
		{F3611399-A00B-449D-B497-4D6390E046D9}.Debug|x86.ActiveCfg = Debug|Any CPU
		{F3611399-A00B-449D-B497-4D6390E046D9}.Debug|x86.Build.0 = Debug|Any CPU
		{F3611399-A00B-449D-B497-4D6390E046D9}.Release|Any CPU.ActiveCfg = Release|Any CPU
		{F3611399-A00B-449D-B497-4D6390E046D9}.Release|Any CPU.Build.0 = Release|Any CPU
		{F3611399-A00B-449D-B497-4D6390E046D9}.Release|x64.ActiveCfg = Release|Any CPU
		{F3611399-A00B-449D-B497-4D6390E046D9}.Release|x64.Build.0 = Release|Any CPU
		{F3611399-A00B-449D-B497-4D6390E046D9}.Release|x86.ActiveCfg = Release|Any CPU
		{F3611399-A00B-449D-B497-4D6390E046D9}.Release|x86.Build.0 = Release|Any CPU
	EndGlobalSection
	GlobalSection(NestedProjects) = preSolution
		{A9C19D8F-67FA-4680-8A73-88D66262E201} = {F6117F9C-3ECF-4E06-827B-4FFE2984B786}
		{568F7A62-595B-4195-9416-8B29359F874C} = {9F79E0BB-AF44-482B-A2F3-3D310E3720A4}
		{F3611399-A00B-449D-B497-4D6390E046D9} = {9F79E0BB-AF44-482B-A2F3-3D310E3720A4}
	EndGlobalSection
EndGlobal
